
Microsoft Visual Studio Solution File, Format Version 12.00
# Visual Studio Version 16
VisualStudioVersion = 16.0.29519.181
MinimumVisualStudioVersion = 10.0.40219.1
Project("{FAE04EC0-301F-11D3-BF4B-00C04F79EFBC}") = "ProjectForum", "ProjectForum\ProjectForum.csproj", "{E359CDEF-61EE-4F0D-8A4A-2E984770F602}"
EndProject
Project("{FAE04EC0-301F-11D3-BF4B-00C04F79EFBC}") = "DAL", "DAL\DAL.csproj", "{178E72BB-9A3C-4DE4-A1B3-D50940480D8E}"
EndProject
Project("{FAE04EC0-301F-11D3-BF4B-00C04F79EFBC}") = "BLL", "BLL\BLL.csproj", "{229D29B4-A12B-4D13-A845-D60B46BB35B2}"
EndProject
Global
	GlobalSection(SolutionConfigurationPlatforms) = preSolution
		Debug|Any CPU = Debug|Any CPU
		Release|Any CPU = Release|Any CPU
	EndGlobalSection
	GlobalSection(ProjectConfigurationPlatforms) = postSolution
		{E359CDEF-61EE-4F0D-8A4A-2E984770F602}.Debug|Any CPU.ActiveCfg = Debug|Any CPU
		{E359CDEF-61EE-4F0D-8A4A-2E984770F602}.Debug|Any CPU.Build.0 = Debug|Any CPU
		{E359CDEF-61EE-4F0D-8A4A-2E984770F602}.Release|Any CPU.ActiveCfg = Release|Any CPU
		{E359CDEF-61EE-4F0D-8A4A-2E984770F602}.Release|Any CPU.Build.0 = Release|Any CPU
		{178E72BB-9A3C-4DE4-A1B3-D50940480D8E}.Debug|Any CPU.ActiveCfg = Debug|Any CPU
		{178E72BB-9A3C-4DE4-A1B3-D50940480D8E}.Debug|Any CPU.Build.0 = Debug|Any CPU
		{178E72BB-9A3C-4DE4-A1B3-D50940480D8E}.Release|Any CPU.ActiveCfg = Release|Any CPU
		{178E72BB-9A3C-4DE4-A1B3-D50940480D8E}.Release|Any CPU.Build.0 = Release|Any CPU
		{229D29B4-A12B-4D13-A845-D60B46BB35B2}.Debug|Any CPU.ActiveCfg = Debug|Any CPU
		{229D29B4-A12B-4D13-A845-D60B46BB35B2}.Debug|Any CPU.Build.0 = Debug|Any CPU
		{229D29B4-A12B-4D13-A845-D60B46BB35B2}.Release|Any CPU.ActiveCfg = Release|Any CPU
		{229D29B4-A12B-4D13-A845-D60B46BB35B2}.Release|Any CPU.Build.0 = Release|Any CPU
	EndGlobalSection
	GlobalSection(SolutionProperties) = preSolution
		HideSolutionNode = FALSE
	EndGlobalSection
	GlobalSection(ExtensibilityGlobals) = postSolution
		SolutionGuid = {8DB5E985-C2B1-4D0F-B544-73A460027030}
	EndGlobalSection
EndGlobal
